
Microsoft Visual Studio Solution File, Format Version 12.00
# Visual Studio Version 16
VisualStudioVersion = 16.0.34031.81
MinimumVisualStudioVersion = 10.0.40219.1
Project("{2150E333-8FDC-42A3-9474-1A3956D46DE8}") = "Task0", "Task0", "{2C0435BA-EFBE-4827-B9C0-FBC894836E73}"
EndProject
Project("{2150E333-8FDC-42A3-9474-1A3956D46DE8}") = "Task1", "Task1", "{86C84FA4-F809-48AB-AC57-CF1465F84625}"
EndProject
Project("{2150E333-8FDC-42A3-9474-1A3956D46DE8}") = "Task2", "Task2", "{00B40336-1D5A-4BA4-8067-ED36D9E23F88}"
EndProject
Project("{2150E333-8FDC-42A3-9474-1A3956D46DE8}") = "Task3", "Task3", "{D75B99FA-0956-4CEF-9CF6-A2C58088765D}"
EndProject
Project("{FAE04EC0-301F-11D3-BF4B-00C04F79EFBC}") = "Tyuiu.DragomeretskiyED.Sprint4.Task0.V30", "Tyuiu.DragomeretskiyED.Sprint4.Task0.V30\Tyuiu.DragomeretskiyED.Sprint4.Task0.V30.csproj", "{9496681D-0EB4-443B-ABC2-7A6EB2387184}"
EndProject
Project("{FAE04EC0-301F-11D3-BF4B-00C04F79EFBC}") = "Tyuiu.DragomeretskiyED.Sprint4.Task0.V30.Lib", "Tyuiu.DragomeretskiyED.Sprint4.Task0.V30.Lib\Tyuiu.DragomeretskiyED.Sprint4.Task0.V30.Lib.csproj", "{57074C8B-B414-4D2A-B9D2-37B61660E8AD}"
EndProject
Project("{FAE04EC0-301F-11D3-BF4B-00C04F79EFBC}") = "Tyuiu.DragomeretskiyED.Sprint4.Task0.V30.Test", "Tyuiu.DragomeretskiyED.Sprint4.Task0.V30.Test\Tyuiu.DragomeretskiyED.Sprint4.Task0.V30.Test.csproj", "{E8377AD0-13CF-4C51-856C-A84D8BF7EAC0}"
EndProject
Project("{FAE04EC0-301F-11D3-BF4B-00C04F79EFBC}") = "Tyuiu.DragomeretskiyED.Sprint4.Task1.V21", "Tyuiu.DragomeretskiyED.Sprint4.Task1.V21\Tyuiu.DragomeretskiyED.Sprint4.Task1.V21.csproj", "{62622F23-5A66-4D0B-90F7-30BE2053A21C}"
EndProject
Project("{FAE04EC0-301F-11D3-BF4B-00C04F79EFBC}") = "Tyuiu.DragomeretskiyED.Sprint4.Task1.V21.Lib", "Tyuiu.DragomeretskiyED.Sprint4.Task1.V21.Lib\Tyuiu.DragomeretskiyED.Sprint4.Task1.V21.Lib.csproj", "{9F47FC1B-3A6C-4B25-A4AC-C8B62E03CC48}"
EndProject
Project("{FAE04EC0-301F-11D3-BF4B-00C04F79EFBC}") = "Tyuiu.DragomeretskiyED.Sprint4.Task1.V21.Test", "Tyuiu.DragomeretskiyED.Sprint4.Task1.V21.Test\Tyuiu.DragomeretskiyED.Sprint4.Task1.V21.Test.csproj", "{C6E0F835-2067-4C1B-A269-DB308058EF73}"
EndProject
Project("{FAE04EC0-301F-11D3-BF4B-00C04F79EFBC}") = "Tyuiu.DragomeretskiyED.Sprint4.Task2.V14", "Tyuiu.DragomeretskiyED.Sprint4.Task2.V14\Tyuiu.DragomeretskiyED.Sprint4.Task2.V14.csproj", "{A2CEF579-190B-4D7E-BDE3-180280FBF71E}"
EndProject
Project("{FAE04EC0-301F-11D3-BF4B-00C04F79EFBC}") = "Tyuiu.DragomeretskiyED.Sprint4.Task2.V14.Lib", "Tyuiu.DragomeretskiyED.Sprint4.Task2.V14.Lib\Tyuiu.DragomeretskiyED.Sprint4.Task2.V14.Lib.csproj", "{7D3FE6FF-D4EF-4E0D-8AA4-9F19BEF2AC67}"
EndProject
Project("{FAE04EC0-301F-11D3-BF4B-00C04F79EFBC}") = "Tyuiu.DragomeretskiyED.Sprint4.Task2.V14.Test", "Tyuiu.DragomeretskiyED.Sprint4.Task2.V14.Test\Tyuiu.DragomeretskiyED.Sprint4.Task2.V14.Test.csproj", "{07117532-756E-430D-9EFE-831CD9079D93}"
EndProject
Project("{FAE04EC0-301F-11D3-BF4B-00C04F79EFBC}") = "Tyuiu.DragomeretskiyED.Sprint4.Task3.V8", "Tyuiu.DragomeretskiyED.Sprint4.Task3.V8\Tyuiu.DragomeretskiyED.Sprint4.Task3.V8.csproj", "{1D4EEFA1-7533-411D-8F0A-86C0FCDA1004}"
EndProject
Project("{FAE04EC0-301F-11D3-BF4B-00C04F79EFBC}") = "Tyuiu.DragomeretskiyED.Sprint4.Task3.V8.Lib", "Tyuiu.DragomeretskiyED.Sprint4.Task3.V8.Lib\Tyuiu.DragomeretskiyED.Sprint4.Task3.V8.Lib.csproj", "{A82B94FE-9B9E-4BC2-85E6-186789F3DA9B}"
EndProject
Project("{FAE04EC0-301F-11D3-BF4B-00C04F79EFBC}") = "Tyuiu.DragomeretskiyED.Sprint4.Task3.V8.Test", "Tyuiu.DragomeretskiyED.Sprint4.Task3.V8.Test\Tyuiu.DragomeretskiyED.Sprint4.Task3.V8.Test.csproj", "{68AD717F-081D-434E-8ED7-441A0E39EBC2}"
EndProject
Project("{2150E333-8FDC-42A3-9474-1A3956D46DE8}") = "Task4", "Task4", "{C09A5325-A909-496D-8E51-A440016E4582}"
EndProject
Project("{FAE04EC0-301F-11D3-BF4B-00C04F79EFBC}") = "Tyuiu.DragomeretskiyED.Sprint4.Task4.V16", "Tyuiu.DragomeretskiyED.Sprint4.Task4.V16\Tyuiu.DragomeretskiyED.Sprint4.Task4.V16.csproj", "{1CA13EC5-DCFC-4F95-9426-FAB2CEA6DC32}"
EndProject
Project("{FAE04EC0-301F-11D3-BF4B-00C04F79EFBC}") = "Tyuiu.DragomeretskiyED.Sprint4.Task4.V16.Lib", "Tyuiu.DragomeretskiyED.Sprint4.Task4.V16.Lib\Tyuiu.DragomeretskiyED.Sprint4.Task4.V16.Lib.csproj", "{1E5A0CBE-54EA-4D1F-B095-04BA216602AA}"
EndProject
Project("{FAE04EC0-301F-11D3-BF4B-00C04F79EFBC}") = "Tyuiu.DragomeretskiyED.Sprint4.Task4.V16.Test", "Tyuiu.DragomeretskiyED.Sprint4.Task4.V16.Test\Tyuiu.DragomeretskiyED.Sprint4.Task4.V16.Test.csproj", "{735B83D9-B9A6-4E8D-88C1-161059D28067}"
EndProject
Global
	GlobalSection(SolutionConfigurationPlatforms) = preSolution
		Debug|Any CPU = Debug|Any CPU
		Release|Any CPU = Release|Any CPU
	EndGlobalSection
	GlobalSection(ProjectConfigurationPlatforms) = postSolution
		{9496681D-0EB4-443B-ABC2-7A6EB2387184}.Debug|Any CPU.ActiveCfg = Debug|Any CPU
		{9496681D-0EB4-443B-ABC2-7A6EB2387184}.Debug|Any CPU.Build.0 = Debug|Any CPU
		{9496681D-0EB4-443B-ABC2-7A6EB2387184}.Release|Any CPU.ActiveCfg = Release|Any CPU
		{9496681D-0EB4-443B-ABC2-7A6EB2387184}.Release|Any CPU.Build.0 = Release|Any CPU
		{57074C8B-B414-4D2A-B9D2-37B61660E8AD}.Debug|Any CPU.ActiveCfg = Debug|Any CPU
		{57074C8B-B414-4D2A-B9D2-37B61660E8AD}.Debug|Any CPU.Build.0 = Debug|Any CPU
		{57074C8B-B414-4D2A-B9D2-37B61660E8AD}.Release|Any CPU.ActiveCfg = Release|Any CPU
		{57074C8B-B414-4D2A-B9D2-37B61660E8AD}.Release|Any CPU.Build.0 = Release|Any CPU
		{E8377AD0-13CF-4C51-856C-A84D8BF7EAC0}.Debug|Any CPU.ActiveCfg = Debug|Any CPU
		{E8377AD0-13CF-4C51-856C-A84D8BF7EAC0}.Debug|Any CPU.Build.0 = Debug|Any CPU
		{E8377AD0-13CF-4C51-856C-A84D8BF7EAC0}.Release|Any CPU.ActiveCfg = Release|Any CPU
		{E8377AD0-13CF-4C51-856C-A84D8BF7EAC0}.Release|Any CPU.Build.0 = Release|Any CPU
		{62622F23-5A66-4D0B-90F7-30BE2053A21C}.Debug|Any CPU.ActiveCfg = Debug|Any CPU
		{62622F23-5A66-4D0B-90F7-30BE2053A21C}.Debug|Any CPU.Build.0 = Debug|Any CPU
		{62622F23-5A66-4D0B-90F7-30BE2053A21C}.Release|Any CPU.ActiveCfg = Release|Any CPU
		{62622F23-5A66-4D0B-90F7-30BE2053A21C}.Release|Any CPU.Build.0 = Release|Any CPU
		{9F47FC1B-3A6C-4B25-A4AC-C8B62E03CC48}.Debug|Any CPU.ActiveCfg = Debug|Any CPU
		{9F47FC1B-3A6C-4B25-A4AC-C8B62E03CC48}.Debug|Any CPU.Build.0 = Debug|Any CPU
		{9F47FC1B-3A6C-4B25-A4AC-C8B62E03CC48}.Release|Any CPU.ActiveCfg = Release|Any CPU
		{9F47FC1B-3A6C-4B25-A4AC-C8B62E03CC48}.Release|Any CPU.Build.0 = Release|Any CPU
		{C6E0F835-2067-4C1B-A269-DB308058EF73}.Debug|Any CPU.ActiveCfg = Debug|Any CPU
		{C6E0F835-2067-4C1B-A269-DB308058EF73}.Debug|Any CPU.Build.0 = Debug|Any CPU
		{C6E0F835-2067-4C1B-A269-DB308058EF73}.Release|Any CPU.ActiveCfg = Release|Any CPU
		{C6E0F835-2067-4C1B-A269-DB308058EF73}.Release|Any CPU.Build.0 = Release|Any CPU
		{A2CEF579-190B-4D7E-BDE3-180280FBF71E}.Debug|Any CPU.ActiveCfg = Debug|Any CPU
		{A2CEF579-190B-4D7E-BDE3-180280FBF71E}.Debug|Any CPU.Build.0 = Debug|Any CPU
		{A2CEF579-190B-4D7E-BDE3-180280FBF71E}.Release|Any CPU.ActiveCfg = Release|Any CPU
		{A2CEF579-190B-4D7E-BDE3-180280FBF71E}.Release|Any CPU.Build.0 = Release|Any CPU
		{7D3FE6FF-D4EF-4E0D-8AA4-9F19BEF2AC67}.Debug|Any CPU.ActiveCfg = Debug|Any CPU
		{7D3FE6FF-D4EF-4E0D-8AA4-9F19BEF2AC67}.Debug|Any CPU.Build.0 = Debug|Any CPU
		{7D3FE6FF-D4EF-4E0D-8AA4-9F19BEF2AC67}.Release|Any CPU.ActiveCfg = Release|Any CPU
		{7D3FE6FF-D4EF-4E0D-8AA4-9F19BEF2AC67}.Release|Any CPU.Build.0 = Release|Any CPU
		{07117532-756E-430D-9EFE-831CD9079D93}.Debug|Any CPU.ActiveCfg = Debug|Any CPU
		{07117532-756E-430D-9EFE-831CD9079D93}.Debug|Any CPU.Build.0 = Debug|Any CPU
		{07117532-756E-430D-9EFE-831CD9079D93}.Release|Any CPU.ActiveCfg = Release|Any CPU
		{07117532-756E-430D-9EFE-831CD9079D93}.Release|Any CPU.Build.0 = Release|Any CPU
		{1D4EEFA1-7533-411D-8F0A-86C0FCDA1004}.Debug|Any CPU.ActiveCfg = Debug|Any CPU
		{1D4EEFA1-7533-411D-8F0A-86C0FCDA1004}.Debug|Any CPU.Build.0 = Debug|Any CPU
		{1D4EEFA1-7533-411D-8F0A-86C0FCDA1004}.Release|Any CPU.ActiveCfg = Release|Any CPU
		{1D4EEFA1-7533-411D-8F0A-86C0FCDA1004}.Release|Any CPU.Build.0 = Release|Any CPU
		{A82B94FE-9B9E-4BC2-85E6-186789F3DA9B}.Debug|Any CPU.ActiveCfg = Debug|Any CPU
		{A82B94FE-9B9E-4BC2-85E6-186789F3DA9B}.Debug|Any CPU.Build.0 = Debug|Any CPU
		{A82B94FE-9B9E-4BC2-85E6-186789F3DA9B}.Release|Any CPU.ActiveCfg = Release|Any CPU
		{A82B94FE-9B9E-4BC2-85E6-186789F3DA9B}.Release|Any CPU.Build.0 = Release|Any CPU
		{68AD717F-081D-434E-8ED7-441A0E39EBC2}.Debug|Any CPU.ActiveCfg = Debug|Any CPU
		{68AD717F-081D-434E-8ED7-441A0E39EBC2}.Debug|Any CPU.Build.0 = Debug|Any CPU
		{68AD717F-081D-434E-8ED7-441A0E39EBC2}.Release|Any CPU.ActiveCfg = Release|Any CPU
		{68AD717F-081D-434E-8ED7-441A0E39EBC2}.Release|Any CPU.Build.0 = Release|Any CPU
		{1CA13EC5-DCFC-4F95-9426-FAB2CEA6DC32}.Debug|Any CPU.ActiveCfg = Debug|Any CPU
		{1CA13EC5-DCFC-4F95-9426-FAB2CEA6DC32}.Debug|Any CPU.Build.0 = Debug|Any CPU
		{1CA13EC5-DCFC-4F95-9426-FAB2CEA6DC32}.Release|Any CPU.ActiveCfg = Release|Any CPU
		{1CA13EC5-DCFC-4F95-9426-FAB2CEA6DC32}.Release|Any CPU.Build.0 = Release|Any CPU
		{1E5A0CBE-54EA-4D1F-B095-04BA216602AA}.Debug|Any CPU.ActiveCfg = Debug|Any CPU
		{1E5A0CBE-54EA-4D1F-B095-04BA216602AA}.Debug|Any CPU.Build.0 = Debug|Any CPU
		{1E5A0CBE-54EA-4D1F-B095-04BA216602AA}.Release|Any CPU.ActiveCfg = Release|Any CPU
		{1E5A0CBE-54EA-4D1F-B095-04BA216602AA}.Release|Any CPU.Build.0 = Release|Any CPU
		{735B83D9-B9A6-4E8D-88C1-161059D28067}.Debug|Any CPU.ActiveCfg = Debug|Any CPU
		{735B83D9-B9A6-4E8D-88C1-161059D28067}.Debug|Any CPU.Build.0 = Debug|Any CPU
		{735B83D9-B9A6-4E8D-88C1-161059D28067}.Release|Any CPU.ActiveCfg = Release|Any CPU
		{735B83D9-B9A6-4E8D-88C1-161059D28067}.Release|Any CPU.Build.0 = Release|Any CPU
	EndGlobalSection
	GlobalSection(SolutionProperties) = preSolution
		HideSolutionNode = FALSE
	EndGlobalSection
	GlobalSection(NestedProjects) = preSolution
		{9496681D-0EB4-443B-ABC2-7A6EB2387184} = {2C0435BA-EFBE-4827-B9C0-FBC894836E73}
		{57074C8B-B414-4D2A-B9D2-37B61660E8AD} = {2C0435BA-EFBE-4827-B9C0-FBC894836E73}
		{E8377AD0-13CF-4C51-856C-A84D8BF7EAC0} = {2C0435BA-EFBE-4827-B9C0-FBC894836E73}
		{62622F23-5A66-4D0B-90F7-30BE2053A21C} = {86C84FA4-F809-48AB-AC57-CF1465F84625}
		{9F47FC1B-3A6C-4B25-A4AC-C8B62E03CC48} = {86C84FA4-F809-48AB-AC57-CF1465F84625}
		{C6E0F835-2067-4C1B-A269-DB308058EF73} = {86C84FA4-F809-48AB-AC57-CF1465F84625}
		{A2CEF579-190B-4D7E-BDE3-180280FBF71E} = {00B40336-1D5A-4BA4-8067-ED36D9E23F88}
		{7D3FE6FF-D4EF-4E0D-8AA4-9F19BEF2AC67} = {00B40336-1D5A-4BA4-8067-ED36D9E23F88}
		{07117532-756E-430D-9EFE-831CD9079D93} = {00B40336-1D5A-4BA4-8067-ED36D9E23F88}
		{1D4EEFA1-7533-411D-8F0A-86C0FCDA1004} = {D75B99FA-0956-4CEF-9CF6-A2C58088765D}
		{A82B94FE-9B9E-4BC2-85E6-186789F3DA9B} = {D75B99FA-0956-4CEF-9CF6-A2C58088765D}
		{68AD717F-081D-434E-8ED7-441A0E39EBC2} = {D75B99FA-0956-4CEF-9CF6-A2C58088765D}
		{1CA13EC5-DCFC-4F95-9426-FAB2CEA6DC32} = {C09A5325-A909-496D-8E51-A440016E4582}
		{1E5A0CBE-54EA-4D1F-B095-04BA216602AA} = {C09A5325-A909-496D-8E51-A440016E4582}
		{735B83D9-B9A6-4E8D-88C1-161059D28067} = {C09A5325-A909-496D-8E51-A440016E4582}
	EndGlobalSection
	GlobalSection(ExtensibilityGlobals) = postSolution
		SolutionGuid = {8EF4B954-99FD-4D08-BF6B-6DC96A7B0AEA}
	EndGlobalSection
EndGlobal
